
Microsoft Visual Studio Solution File, Format Version 11.00
# Visual Studio 2010
Project("{8BC9CEB8-8B4A-11D0-8D11-00A0C91BC942}") = "K_3", "K_3\K_3.vcxproj", "{4CE01950-2ACB-4448-9C73-6B248C2D752F}"
EndProject
Global
	GlobalSection(SolutionConfigurationPlatforms) = preSolution
		Debug|Win32 = Debug|Win32
		Release|Win32 = Release|Win32
	EndGlobalSection
	GlobalSection(ProjectConfigurationPlatforms) = postSolution
		{4CE01950-2ACB-4448-9C73-6B248C2D752F}.Debug|Win32.ActiveCfg = Debug|Win32
		{4CE01950-2ACB-4448-9C73-6B248C2D752F}.Debug|Win32.Build.0 = Debug|Win32
		{4CE01950-2ACB-4448-9C73-6B248C2D752F}.Release|Win32.ActiveCfg = Release|Win32
		{4CE01950-2ACB-4448-9C73-6B248C2D752F}.Release|Win32.Build.0 = Release|Win32
	EndGlobalSection
	GlobalSection(SolutionProperties) = preSolution
		HideSolutionNode = FALSE
	EndGlobalSection
EndGlobal
